// !$*UTF8*$!
{
	archiveVersion = 1;
	classes = {
	};
	objectVersion = 48;
	objects = {

/* Begin PBXBuildFile section */
		0707619B562B9C7CFBFF4F52 /* Pods_NetworkingTestiOS.framework in Frameworks */ = {isa = PBXBuildFile; fileRef = 6EF784179ECB92AB485C742E /* Pods_NetworkingTestiOS.framework */; };
		4AA41FB51F0C1ADB003AFC52 /* ToDo.swift in Sources */ = {isa = PBXBuildFile; fileRef = 4AA41FB41F0C1ADB003AFC52 /* ToDo.swift */; };
		4AA41FBC1F0C2424003AFC52 /* ToDoDetailViewController.swift in Sources */ = {isa = PBXBuildFile; fileRef = 4AA41FBB1F0C2424003AFC52 /* ToDoDetailViewController.swift */; };
		4AB48ECE1F0C186600E87578 /* AppDelegate.swift in Sources */ = {isa = PBXBuildFile; fileRef = 4AB48ECD1F0C186600E87578 /* AppDelegate.swift */; };
		4AB48ED01F0C186600E87578 /* ToDoListViewController.swift in Sources */ = {isa = PBXBuildFile; fileRef = 4AB48ECF1F0C186600E87578 /* ToDoListViewController.swift */; };
		4AB48ED31F0C186600E87578 /* Main.storyboard in Resources */ = {isa = PBXBuildFile; fileRef = 4AB48ED11F0C186600E87578 /* Main.storyboard */; };
		4AB48ED51F0C186600E87578 /* Assets.xcassets in Resources */ = {isa = PBXBuildFile; fileRef = 4AB48ED41F0C186600E87578 /* Assets.xcassets */; };
		4AB48ED81F0C186600E87578 /* LaunchScreen.storyboard in Resources */ = {isa = PBXBuildFile; fileRef = 4AB48ED61F0C186600E87578 /* LaunchScreen.storyboard */; };
/* End PBXBuildFile section */

/* Begin PBXFileReference section */
		4AA41FB41F0C1ADB003AFC52 /* ToDo.swift */ = {isa = PBXFileReference; lastKnownFileType = sourcecode.swift; path = ToDo.swift; sourceTree = "<group>"; };
		4AA41FBB1F0C2424003AFC52 /* ToDoDetailViewController.swift */ = {isa = PBXFileReference; lastKnownFileType = sourcecode.swift; path = ToDoDetailViewController.swift; sourceTree = "<group>"; };
		4AB48ECA1F0C186600E87578 /* NetworkingTestiOS.app */ = {isa = PBXFileReference; explicitFileType = wrapper.application; includeInIndex = 0; path = NetworkingTestiOS.app; sourceTree = BUILT_PRODUCTS_DIR; };
		4AB48ECD1F0C186600E87578 /* AppDelegate.swift */ = {isa = PBXFileReference; lastKnownFileType = sourcecode.swift; path = AppDelegate.swift; sourceTree = "<group>"; };
		4AB48ECF1F0C186600E87578 /* ToDoListViewController.swift */ = {isa = PBXFileReference; lastKnownFileType = sourcecode.swift; path = ToDoListViewController.swift; sourceTree = "<group>"; };
		4AB48ED21F0C186600E87578 /* Base */ = {isa = PBXFileReference; lastKnownFileType = file.storyboard; name = Base; path = Base.lproj/Main.storyboard; sourceTree = "<group>"; };
		4AB48ED41F0C186600E87578 /* Assets.xcassets */ = {isa = PBXFileReference; lastKnownFileType = folder.assetcatalog; path = Assets.xcassets; sourceTree = "<group>"; };
		4AB48ED71F0C186600E87578 /* Base */ = {isa = PBXFileReference; lastKnownFileType = file.storyboard; name = Base; path = Base.lproj/LaunchScreen.storyboard; sourceTree = "<group>"; };
		4AB48ED91F0C186600E87578 /* Info.plist */ = {isa = PBXFileReference; lastKnownFileType = text.plist.xml; path = Info.plist; sourceTree = "<group>"; };
		6EF784179ECB92AB485C742E /* Pods_NetworkingTestiOS.framework */ = {isa = PBXFileReference; explicitFileType = wrapper.framework; includeInIndex = 0; path = Pods_NetworkingTestiOS.framework; sourceTree = BUILT_PRODUCTS_DIR; };
		AB6AA23B1D19647E709E3F8D /* Pods-NetworkingTestiOS.release.xcconfig */ = {isa = PBXFileReference; includeInIndex = 1; lastKnownFileType = text.xcconfig; name = "Pods-NetworkingTestiOS.release.xcconfig"; path = "Pods/Target Support Files/Pods-NetworkingTestiOS/Pods-NetworkingTestiOS.release.xcconfig"; sourceTree = "<group>"; };
		E903B16DD767066EBC8B6B00 /* Pods-NetworkingTestiOS.debug.xcconfig */ = {isa = PBXFileReference; includeInIndex = 1; lastKnownFileType = text.xcconfig; name = "Pods-NetworkingTestiOS.debug.xcconfig"; path = "Pods/Target Support Files/Pods-NetworkingTestiOS/Pods-NetworkingTestiOS.debug.xcconfig"; sourceTree = "<group>"; };
/* End PBXFileReference section */

/* Begin PBXFrameworksBuildPhase section */
		4AB48EC71F0C186600E87578 /* Frameworks */ = {
			isa = PBXFrameworksBuildPhase;
			buildActionMask = 2147483647;
			files = (
				0707619B562B9C7CFBFF4F52 /* Pods_NetworkingTestiOS.framework in Frameworks */,
			);
			runOnlyForDeploymentPostprocessing = 0;
		};
/* End PBXFrameworksBuildPhase section */

/* Begin PBXGroup section */
		0BC6F5D8521D00D534889330 /* Frameworks */ = {
			isa = PBXGroup;
			children = (
				6EF784179ECB92AB485C742E /* Pods_NetworkingTestiOS.framework */,
			);
			name = Frameworks;
			sourceTree = "<group>";
		};
		4AA41FB61F0C236C003AFC52 /* ToDoList */ = {
			isa = PBXGroup;
			children = (
				4AB48ECF1F0C186600E87578 /* ToDoListViewController.swift */,
			);
			path = ToDoList;
			sourceTree = "<group>";
		};
		4AA41FB71F0C2384003AFC52 /* Detail */ = {
			isa = PBXGroup;
			children = (
				4AA41FBB1F0C2424003AFC52 /* ToDoDetailViewController.swift */,
			);
			path = Detail;
			sourceTree = "<group>";
		};
		4AA41FB81F0C238D003AFC52 /* AppleFiles */ = {
			isa = PBXGroup;
			children = (
				4AB48ED41F0C186600E87578 /* Assets.xcassets */,
				4AB48ED11F0C186600E87578 /* Main.storyboard */,
				4AB48ED61F0C186600E87578 /* LaunchScreen.storyboard */,
				4AB48ECD1F0C186600E87578 /* AppDelegate.swift */,
			);
			path = AppleFiles;
			sourceTree = "<group>";
		};
		4AB48EC11F0C186600E87578 = {
			isa = PBXGroup;
			children = (
				4AB48ECC1F0C186600E87578 /* NetworkingTestiOS */,
				4AB48ECB1F0C186600E87578 /* Products */,
				7502D83EC573DC06ED77BE3C /* Pods */,
				0BC6F5D8521D00D534889330 /* Frameworks */,
			);
			sourceTree = "<group>";
		};
		4AB48ECB1F0C186600E87578 /* Products */ = {
			isa = PBXGroup;
			children = (
				4AB48ECA1F0C186600E87578 /* NetworkingTestiOS.app */,
			);
			name = Products;
			sourceTree = "<group>";
		};
		4AB48ECC1F0C186600E87578 /* NetworkingTestiOS */ = {
			isa = PBXGroup;
			children = (
				4AA41FB81F0C238D003AFC52 /* AppleFiles */,
				4AA41FB71F0C2384003AFC52 /* Detail */,
				4AA41FB61F0C236C003AFC52 /* ToDoList */,
				4AA41FB41F0C1ADB003AFC52 /* ToDo.swift */,
				4AB48ED91F0C186600E87578 /* Info.plist */,
			);
			path = NetworkingTestiOS;
			sourceTree = "<group>";
		};
		7502D83EC573DC06ED77BE3C /* Pods */ = {
			isa = PBXGroup;
			children = (
				E903B16DD767066EBC8B6B00 /* Pods-NetworkingTestiOS.debug.xcconfig */,
				AB6AA23B1D19647E709E3F8D /* Pods-NetworkingTestiOS.release.xcconfig */,
			);
			name = Pods;
			sourceTree = "<group>";
		};
/* End PBXGroup section */

/* Begin PBXNativeTarget section */
		4AB48EC91F0C186600E87578 /* NetworkingTestiOS */ = {
			isa = PBXNativeTarget;
			buildConfigurationList = 4AB48EDC1F0C186600E87578 /* Build configuration list for PBXNativeTarget "NetworkingTestiOS" */;
			buildPhases = (
				9D9B646C2EDE4A6A80F7A407 /* [CP] Check Pods Manifest.lock */,
				4AB48EC61F0C186600E87578 /* Sources */,
				4AB48EC71F0C186600E87578 /* Frameworks */,
				4AB48EC81F0C186600E87578 /* Resources */,
				8119FE988F3338FD63C3BD48 /* [CP] Embed Pods Frameworks */,
				7CE7B7FF1D942275333EF722 /* [CP] Copy Pods Resources */,
			);
			buildRules = (
			);
			dependencies = (
			);
			name = NetworkingTestiOS;
			productName = NetworkingTestiOS;
			productReference = 4AB48ECA1F0C186600E87578 /* NetworkingTestiOS.app */;
			productType = "com.apple.product-type.application";
		};
/* End PBXNativeTarget section */

/* Begin PBXProject section */
		4AB48EC21F0C186600E87578 /* Project object */ = {
			isa = PBXProject;
			attributes = {
				LastSwiftUpdateCheck = 0900;
				LastUpgradeCheck = 0900;
				ORGANIZATIONNAME = harrysummers;
				TargetAttributes = {
					4AB48EC91F0C186600E87578 = {
						CreatedOnToolsVersion = 9.0;
					};
				};
			};
			buildConfigurationList = 4AB48EC51F0C186600E87578 /* Build configuration list for PBXProject "NetworkingTestiOS" */;
			compatibilityVersion = "Xcode 8.0";
			developmentRegion = en;
			hasScannedForEncodings = 0;
			knownRegions = (
				en,
				Base,
			);
			mainGroup = 4AB48EC11F0C186600E87578;
			productRefGroup = 4AB48ECB1F0C186600E87578 /* Products */;
			projectDirPath = "";
			projectRoot = "";
			targets = (
				4AB48EC91F0C186600E87578 /* NetworkingTestiOS */,
			);
		};
/* End PBXProject section */

/* Begin PBXResourcesBuildPhase section */
		4AB48EC81F0C186600E87578 /* Resources */ = {
			isa = PBXResourcesBuildPhase;
			buildActionMask = 2147483647;
			files = (
				4AB48ED81F0C186600E87578 /* LaunchScreen.storyboard in Resources */,
				4AB48ED51F0C186600E87578 /* Assets.xcassets in Resources */,
				4AB48ED31F0C186600E87578 /* Main.storyboard in Resources */,
			);
			runOnlyForDeploymentPostprocessing = 0;
		};
/* End PBXResourcesBuildPhase section */

/* Begin PBXShellScriptBuildPhase section */
		7CE7B7FF1D942275333EF722 /* [CP] Copy Pods Resources */ = {
			isa = PBXShellScriptBuildPhase;
			buildActionMask = 2147483647;
			files = (
			);
			inputPaths = (
			);
			name = "[CP] Copy Pods Resources";
			outputPaths = (
			);
			runOnlyForDeploymentPostprocessing = 0;
			shellPath = /bin/sh;
			shellScript = "\"${SRCROOT}/Pods/Target Support Files/Pods-NetworkingTestiOS/Pods-NetworkingTestiOS-resources.sh\"\n";
			showEnvVarsInLog = 0;
		};
		8119FE988F3338FD63C3BD48 /* [CP] Embed Pods Frameworks */ = {
			isa = PBXShellScriptBuildPhase;
			buildActionMask = 2147483647;
			files = (
			);
			inputPaths = (
			);
			name = "[CP] Embed Pods Frameworks";
			outputPaths = (
			);
			runOnlyForDeploymentPostprocessing = 0;
			shellPath = /bin/sh;
			shellScript = "\"${SRCROOT}/Pods/Target Support Files/Pods-NetworkingTestiOS/Pods-NetworkingTestiOS-frameworks.sh\"\n";
			showEnvVarsInLog = 0;
		};
		9D9B646C2EDE4A6A80F7A407 /* [CP] Check Pods Manifest.lock */ = {
			isa = PBXShellScriptBuildPhase;
			buildActionMask = 2147483647;
			files = (
			);
			inputPaths = (
			);
			name = "[CP] Check Pods Manifest.lock";
			outputPaths = (
			);
			runOnlyForDeploymentPostprocessing = 0;
			shellPath = /bin/sh;
			shellScript = "diff \"${PODS_ROOT}/../Podfile.lock\" \"${PODS_ROOT}/Manifest.lock\" > /dev/null\nif [ $? != 0 ] ; then\n    # print error to STDERR\n    echo \"error: The sandbox is not in sync with the Podfile.lock. Run 'pod install' or update your CocoaPods installation.\" >&2\n    exit 1\nfi\n";
			showEnvVarsInLog = 0;
		};
/* End PBXShellScriptBuildPhase section */

/* Begin PBXSourcesBuildPhase section */
		4AB48EC61F0C186600E87578 /* Sources */ = {
			isa = PBXSourcesBuildPhase;
			buildActionMask = 2147483647;
			files = (
				4AA41FB51F0C1ADB003AFC52 /* ToDo.swift in Sources */,
				4AA41FBC1F0C2424003AFC52 /* ToDoDetailViewController.swift in Sources */,
				4AB48ED01F0C186600E87578 /* ToDoListViewController.swift in Sources */,
				4AB48ECE1F0C186600E87578 /* AppDelegate.swift in Sources */,
			);
			runOnlyForDeploymentPostprocessing = 0;
		};
/* End PBXSourcesBuildPhase section */

/* Begin PBXVariantGroup section */
		4AB48ED11F0C186600E87578 /* Main.storyboard */ = {
			isa = PBXVariantGroup;
			children = (
				4AB48ED21F0C186600E87578 /* Base */,
			);
			name = Main.storyboard;
			sourceTree = "<group>";
		};
		4AB48ED61F0C186600E87578 /* LaunchScreen.storyboard */ = {
			isa = PBXVariantGroup;
			children = (
				4AB48ED71F0C186600E87578 /* Base */,
			);
			name = LaunchScreen.storyboard;
			sourceTree = "<group>";
		};
/* End PBXVariantGroup section */

/* Begin XCBuildConfiguration section */
		4AB48EDA1F0C186600E87578 /* Debug */ = {
			isa = XCBuildConfiguration;
			buildSettings = {
				ALWAYS_SEARCH_USER_PATHS = NO;
				CLANG_ANALYZER_NONNULL = YES;
				CLANG_ANALYZER_NUMBER_OBJECT_CONVERSION = YES_AGGRESSIVE;
				CLANG_CXX_LANGUAGE_STANDARD = "gnu++14";
				CLANG_CXX_LIBRARY = "libc++";
				CLANG_ENABLE_MODULES = YES;
				CLANG_ENABLE_OBJC_ARC = YES;
				CLANG_WARN_BLOCK_CAPTURE_AUTORELEASING = YES;
				CLANG_WARN_BOOL_CONVERSION = YES;
				CLANG_WARN_COMMA = YES;
				CLANG_WARN_CONSTANT_CONVERSION = YES;
				CLANG_WARN_DIRECT_OBJC_ISA_USAGE = YES_ERROR;
				CLANG_WARN_DOCUMENTATION_COMMENTS = YES;
				CLANG_WARN_EMPTY_BODY = YES;
				CLANG_WARN_ENUM_CONVERSION = YES;
				CLANG_WARN_INFINITE_RECURSION = YES;
				CLANG_WARN_INT_CONVERSION = YES;
				CLANG_WARN_OBJC_ROOT_CLASS = YES_ERROR;
				CLANG_WARN_RANGE_LOOP_ANALYSIS = YES;
				CLANG_WARN_STRICT_PROTOTYPES = YES;
				CLANG_WARN_SUSPICIOUS_MOVE = YES;
				CLANG_WARN_UNGUARDED_AVAILABILITY = YES_AGGRESSIVE;
				CLANG_WARN_UNREACHABLE_CODE = YES;
				CLANG_WARN__DUPLICATE_METHOD_MATCH = YES;
				CODE_SIGN_IDENTITY = "iPhone Developer";
				COPY_PHASE_STRIP = NO;
				DEBUG_INFORMATION_FORMAT = dwarf;
				ENABLE_STRICT_OBJC_MSGSEND = YES;
				ENABLE_TESTABILITY = YES;
				GCC_C_LANGUAGE_STANDARD = gnu11;
				GCC_DYNAMIC_NO_PIC = NO;
				GCC_NO_COMMON_BLOCKS = YES;
				GCC_OPTIMIZATION_LEVEL = 0;
				GCC_PREPROCESSOR_DEFINITIONS = (
					"DEBUG=1",
					"$(inherited)",
				);
				GCC_WARN_64_TO_32_BIT_CONVERSION = YES;
				GCC_WARN_ABOUT_RETURN_TYPE = YES_ERROR;
				GCC_WARN_UNDECLARED_SELECTOR = YES;
				GCC_WARN_UNINITIALIZED_AUTOS = YES_AGGRESSIVE;
				GCC_WARN_UNUSED_FUNCTION = YES;
				GCC_WARN_UNUSED_VARIABLE = YES;
				IPHONEOS_DEPLOYMENT_TARGET = 11.0;
				MTL_ENABLE_DEBUG_INFO = YES;
				ONLY_ACTIVE_ARCH = YES;
				SDKROOT = iphoneos;
				SWIFT_ACTIVE_COMPILATION_CONDITIONS = DEBUG;
				SWIFT_OPTIMIZATION_LEVEL = "-Onone";
			};
			name = Debug;
		};
		4AB48EDB1F0C186600E87578 /* Release */ = {
			isa = XCBuildConfiguration;
			buildSettings = {
				ALWAYS_SEARCH_USER_PATHS = NO;
				CLANG_ANALYZER_NONNULL = YES;
				CLANG_ANALYZER_NUMBER_OBJECT_CONVERSION = YES_AGGRESSIVE;
				CLANG_CXX_LANGUAGE_STANDARD = "gnu++14";
				CLANG_CXX_LIBRARY = "libc++";
				CLANG_ENABLE_MODULES = YES;
				CLANG_ENABLE_OBJC_ARC = YES;
				CLANG_WARN_BLOCK_CAPTURE_AUTORELEASING = YES;
				CLANG_WARN_BOOL_CONVERSION = YES;
				CLANG_WARN_COMMA = YES;
				CLANG_WARN_CONSTANT_CONVERSION = YES;
				CLANG_WARN_DIRECT_OBJC_ISA_USAGE = YES_ERROR;
				CLANG_WARN_DOCUMENTATION_COMMENTS = YES;
				CLANG_WARN_EMPTY_BODY = YES;
				CLANG_WARN_ENUM_CONVERSION = YES;
				CLANG_WARN_INFINITE_RECURSION = YES;
				CLANG_WARN_INT_CONVERSION = YES;
				CLANG_WARN_OBJC_ROOT_CLASS = YES_ERROR;
				CLANG_WARN_RANGE_LOOP_ANALYSIS = YES;
				CLANG_WARN_STRICT_PROTOTYPES = YES;
				CLANG_WARN_SUSPICIOUS_MOVE = YES;
				CLANG_WARN_UNGUARDED_AVAILABILITY = YES_AGGRESSIVE;
				CLANG_WARN_UNREACHABLE_CODE = YES;
				CLANG_WARN__DUPLICATE_METHOD_MATCH = YES;
				CODE_SIGN_IDENTITY = "iPhone Developer";
				COPY_PHASE_STRIP = NO;
				DEBUG_INFORMATION_FORMAT = "dwarf-with-dsym";
				ENABLE_NS_ASSERTIONS = NO;
				ENABLE_STRICT_OBJC_MSGSEND = YES;
				GCC_C_LANGUAGE_STANDARD = gnu11;
				GCC_NO_COMMON_BLOCKS = YES;
				GCC_WARN_64_TO_32_BIT_CONVERSION = YES;
				GCC_WARN_ABOUT_RETURN_TYPE = YES_ERROR;
				GCC_WARN_UNDECLARED_SELECTOR = YES;
				GCC_WARN_UNINITIALIZED_AUTOS = YES_AGGRESSIVE;
				GCC_WARN_UNUSED_FUNCTION = YES;
				GCC_WARN_UNUSED_VARIABLE = YES;
				IPHONEOS_DEPLOYMENT_TARGET = 11.0;
				MTL_ENABLE_DEBUG_INFO = NO;
				SDKROOT = iphoneos;
				SWIFT_OPTIMIZATION_LEVEL = "-Owholemodule";
				VALIDATE_PRODUCT = YES;
			};
			name = Release;
		};
		4AB48EDD1F0C186600E87578 /* Debug */ = {
			isa = XCBuildConfiguration;
			baseConfigurationReference = E903B16DD767066EBC8B6B00 /* Pods-NetworkingTestiOS.debug.xcconfig */;
			buildSettings = {
				ASSETCATALOG_COMPILER_APPICON_NAME = AppIcon;
				DEVELOPMENT_TEAM = TFUHR2F3HQ;
				INFOPLIST_FILE = NetworkingTestiOS/Info.plist;
				LD_RUNPATH_SEARCH_PATHS = "$(inherited) @executable_path/Frameworks";
				PRODUCT_BUNDLE_IDENTIFIER = harrysummers.NetworkingTestiOS;
				PRODUCT_NAME = "$(TARGET_NAME)";
				SWIFT_VERSION = 4.0;
				TARGETED_DEVICE_FAMILY = "1,2";
			};
			name = Debug;
		};
		4AB48EDE1F0C186600E87578 /* Release */ = {
			isa = XCBuildConfiguration;
			baseConfigurationReference = AB6AA23B1D19647E709E3F8D /* Pods-NetworkingTestiOS.release.xcconfig */;
			buildSettings = {
				ASSETCATALOG_COMPILER_APPICON_NAME = AppIcon;
				DEVELOPMENT_TEAM = TFUHR2F3HQ;
				INFOPLIST_FILE = NetworkingTestiOS/Info.plist;
				LD_RUNPATH_SEARCH_PATHS = "$(inherited) @executable_path/Frameworks";
				PRODUCT_BUNDLE_IDENTIFIER = harrysummers.NetworkingTestiOS;
				PRODUCT_NAME = "$(TARGET_NAME)";
				SWIFT_VERSION = 4.0;
				TARGETED_DEVICE_FAMILY = "1,2";
			};
			name = Release;
		};
/* End XCBuildConfiguration section */

/* Begin XCConfigurationList section */
		4AB48EC51F0C186600E87578 /* Build configuration list for PBXProject "NetworkingTestiOS" */ = {
			isa = XCConfigurationList;
			buildConfigurations = (
				4AB48EDA1F0C186600E87578 /* Debug */,
				4AB48EDB1F0C186600E87578 /* Release */,
			);
			defaultConfigurationIsVisible = 0;
			defaultConfigurationName = Release;
		};
		4AB48EDC1F0C186600E87578 /* Build configuration list for PBXNativeTarget "NetworkingTestiOS" */ = {
			isa = XCConfigurationList;
			buildConfigurations = (
				4AB48EDD1F0C186600E87578 /* Debug */,
				4AB48EDE1F0C186600E87578 /* Release */,
			);
			defaultConfigurationIsVisible = 0;
			defaultConfigurationName = Release;
		};
/* End XCConfigurationList section */
	};
	rootObject = 4AB48EC21F0C186600E87578 /* Project object */;
}
